
Microsoft Visual Studio Solution File, Format Version 12.00
# Visual Studio Version 17
VisualStudioVersion = 17.3.32819.101
MinimumVisualStudioVersion = 10.0.40219.1
Project("{9A19103F-16F7-4668-BE54-9A1E7A4F7556}") = "UCS_APP", "UCS_APP.csproj", "{751F1BA5-87C1-4C86-9C62-08EA6BD8216E}"
EndProject
Global
	GlobalSection(SolutionConfigurationPlatforms) = preSolution
		Debug|Any CPU = Debug|Any CPU
		Release|Any CPU = Release|Any CPU
	EndGlobalSection
	GlobalSection(ProjectConfigurationPlatforms) = postSolution
		{751F1BA5-87C1-4C86-9C62-08EA6BD8216E}.Debug|Any CPU.ActiveCfg = Debug|Any CPU
		{751F1BA5-87C1-4C86-9C62-08EA6BD8216E}.Debug|Any CPU.Build.0 = Debug|Any CPU
		{751F1BA5-87C1-4C86-9C62-08EA6BD8216E}.Release|Any CPU.ActiveCfg = Release|Any CPU
		{751F1BA5-87C1-4C86-9C62-08EA6BD8216E}.Release|Any CPU.Build.0 = Release|Any CPU
	EndGlobalSection
	GlobalSection(SolutionProperties) = preSolution
		HideSolutionNode = FALSE
	EndGlobalSection
	GlobalSection(ExtensibilityGlobals) = postSolution
		SolutionGuid = {7FA2BED6-212C-4573-BD18-A28C5686E9D9}
	EndGlobalSection
EndGlobal
